
Microsoft Visual Studio Solution File, Format Version 12.00
# Visual Studio 15
VisualStudioVersion = 15.0.28307.1267
MinimumVisualStudioVersion = 10.0.40219.1
Project("{8BC9CEB8-8B4A-11D0-8D11-00A0C91BC942}") = "задание 2", "задание 2\задание 2.vcxproj", "{0A04ADD5-077B-4ED1-9ABF-CBFF3CC2581E}"
EndProject
Global
	GlobalSection(SolutionConfigurationPlatforms) = preSolution
		Debug|x64 = Debug|x64
		Debug|x86 = Debug|x86
		Release|x64 = Release|x64
		Release|x86 = Release|x86
	EndGlobalSection
	GlobalSection(ProjectConfigurationPlatforms) = postSolution
		{0A04ADD5-077B-4ED1-9ABF-CBFF3CC2581E}.Debug|x64.ActiveCfg = Debug|x64
		{0A04ADD5-077B-4ED1-9ABF-CBFF3CC2581E}.Debug|x64.Build.0 = Debug|x64
		{0A04ADD5-077B-4ED1-9ABF-CBFF3CC2581E}.Debug|x86.ActiveCfg = Debug|Win32
		{0A04ADD5-077B-4ED1-9ABF-CBFF3CC2581E}.Debug|x86.Build.0 = Debug|Win32
		{0A04ADD5-077B-4ED1-9ABF-CBFF3CC2581E}.Release|x64.ActiveCfg = Release|x64
		{0A04ADD5-077B-4ED1-9ABF-CBFF3CC2581E}.Release|x64.Build.0 = Release|x64
		{0A04ADD5-077B-4ED1-9ABF-CBFF3CC2581E}.Release|x86.ActiveCfg = Release|Win32
		{0A04ADD5-077B-4ED1-9ABF-CBFF3CC2581E}.Release|x86.Build.0 = Release|Win32
	EndGlobalSection
	GlobalSection(SolutionProperties) = preSolution
		HideSolutionNode = FALSE
	EndGlobalSection
	GlobalSection(ExtensibilityGlobals) = postSolution
		SolutionGuid = {698F9814-A0CC-43C4-A415-BC5ED4D2A70A}
	EndGlobalSection
EndGlobal
